PODS:
  - MercuryCore (0.0.3):
    - SFHFKeychainUtils
    - TouchJSON
    - TouchXML
  - SFHFKeychainUtils (0.0.1)
  - TouchJSON (1.1)
  - TouchXML (0.1)

DEPENDENCIES:
  - MercuryCore (from `git@github.com:MercuryIntermedia/MercuryCoreLib-iOS.git`)

EXTERNAL SOURCES:
  MercuryCore:
    :git: git@github.com:MercuryIntermedia/MercuryCoreLib-iOS.git

SPEC CHECKSUMS:
  MercuryCore: 63b7e15e87669502992de9458a410d41eef3d850
  SFHFKeychainUtils: e828dbd9eaa509486acf95d8de2ebd414c4b7451
  TouchJSON: 9e53f4df141b7f972766292b00b46bccf29f179a
  TouchXML: 0fb977f0bdd2ce2e5d0790c80751769459708810

COCOAPODS: 0.27.1
