<?xml version="1.0" encoding="UTF-8"?>
<Scheme
   LastUpgradeVersion = "0500"
   version = "1.7">
   <BuildAction
      parallelizeBuildables = "YES"
      buildImplicitDependencies = "NO">
      <PreActions>
         <ExecutionAction
            ActionType = "Xcode.IDEStandardExecutionActionsCore.ExecutionActionType.ShellScriptAction">
            <ActionContent
               title = "Run Script"
               scriptText = "timestamp=$(date -j -f &quot;%a %b %d %T %Z %Y&quot; &quot;`date`&quot; &quot;+%s&quot;)&#10;log=/var/log/joejenkins/${PRODUCT_NAME}-$timestamp.log&#10;exec &gt; $log 2&gt;&amp;1&#10;`whoami`&#10;gem list&#10;&#10;## Checking for Cocoapods&#10;if !(which pod &gt;/dev/null); then&#10;    echo &quot;Cocoapods is not installed here&quot;&#10;    gem install cocoapods&#10;fi&#10;&#10;## Now we should have a valid environment.  Let&apos;s attempt to install&#10;echo &quot;Beginning Pod install&quot;&#10;echo ${SRCROOT}&#10;cd ${SRCROOT}; pod install&#10;&#10;">
               <EnvironmentBuildable>
                  <BuildableReference
                     BuildableIdentifier = "primary"
                     BlueprintIdentifier = "D85F907F1641B86400E0FD36"
                     BuildableName = "TestProject.app"
                     BlueprintName = "TestProject"
                     ReferencedContainer = "container:TestProject.xcodeproj">
                  </BuildableReference>
               </EnvironmentBuildable>
            </ActionContent>
         </ExecutionAction>
      </PreActions>
      <BuildActionEntries>
         <BuildActionEntry
            buildForTesting = "YES"
            buildForRunning = "YES"
            buildForProfiling = "YES"
            buildForArchiving = "YES"
            buildForAnalyzing = "YES">
            <BuildableReference
               BuildableIdentifier = "primary"
               BlueprintIdentifier = "D85F907F1641B86400E0FD36"
               BuildableName = "TestProject.app"
               BlueprintName = "TestProject"
               ReferencedContainer = "container:TestProject.xcodeproj">
            </BuildableReference>
         </BuildActionEntry>
      </BuildActionEntries>
   </BuildAction>
   <TestAction
      selectedDebuggerIdentifier = "Xcode.DebuggerFoundation.Debugger.LLDB"
      selectedLauncherIdentifier = "Xcode.DebuggerFoundation.Launcher.LLDB"
      shouldUseLaunchSchemeArgsEnv = "YES"
      buildConfiguration = "Debug">
      <Testables>
      </Testables>
      <MacroExpansion>
         <BuildableReference
            BuildableIdentifier = "primary"
            BlueprintIdentifier = "D85F907F1641B86400E0FD36"
            BuildableName = "TestProject.app"
            BlueprintName = "TestProject"
            ReferencedContainer = "container:TestProject.xcodeproj">
         </BuildableReference>
      </MacroExpansion>
   </TestAction>
   <LaunchAction
      selectedDebuggerIdentifier = "Xcode.DebuggerFoundation.Debugger.LLDB"
      selectedLauncherIdentifier = "Xcode.DebuggerFoundation.Launcher.LLDB"
      launchStyle = "0"
      useCustomWorkingDirectory = "NO"
      buildConfiguration = "Debug"
      ignoresPersistentStateOnLaunch = "NO"
      debugDocumentVersioning = "YES"
      allowLocationSimulation = "YES">
      <BuildableProductRunnable>
         <BuildableReference
            BuildableIdentifier = "primary"
            BlueprintIdentifier = "D85F907F1641B86400E0FD36"
            BuildableName = "TestProject.app"
            BlueprintName = "TestProject"
            ReferencedContainer = "container:TestProject.xcodeproj">
         </BuildableReference>
      </BuildableProductRunnable>
      <AdditionalOptions>
      </AdditionalOptions>
   </LaunchAction>
   <ProfileAction
      shouldUseLaunchSchemeArgsEnv = "YES"
      savedToolIdentifier = ""
      useCustomWorkingDirectory = "NO"
      buildConfiguration = "Release"
      debugDocumentVersioning = "YES">
      <BuildableProductRunnable>
         <BuildableReference
            BuildableIdentifier = "primary"
            BlueprintIdentifier = "D85F907F1641B86400E0FD36"
            BuildableName = "TestProject.app"
            BlueprintName = "TestProject"
            ReferencedContainer = "container:TestProject.xcodeproj">
         </BuildableReference>
      </BuildableProductRunnable>
   </ProfileAction>
   <AnalyzeAction
      buildConfiguration = "Debug">
   </AnalyzeAction>
   <ArchiveAction
      buildConfiguration = "Release"
      revealArchiveInOrganizer = "YES">
   </ArchiveAction>
</Scheme>
